// !$*UTF8*$!
{
	archiveVersion = 1;
	classes = {
	};
	objectVersion = 46;
	objects = {

/* Begin PBXBuildFile section */
		C6B885B71B273C9300C51C0D /* main.m in Sources */ = {isa = PBXBuildFile; fileRef = C6B885B61B273C9300C51C0D /* main.m */; };
		C6B885BA1B273C9300C51C0D /* AppDelegate.m in Sources */ = {isa = PBXBuildFile; fileRef = C6B885B91B273C9300C51C0D /* AppDelegate.m */; };
		C6B885BD1B273C9300C51C0D /* ViewController.m in Sources */ = {isa = PBXBuildFile; fileRef = C6B885BC1B273C9300C51C0D /* ViewController.m */; };
		C6B885C01B273C9300C51C0D /* Main.storyboard in Resources */ = {isa = PBXBuildFile; fileRef = C6B885BE1B273C9300C51C0D /* Main.storyboard */; };
		C6B885C21B273C9300C51C0D /* Images.xcassets in Resources */ = {isa = PBXBuildFile; fileRef = C6B885C11B273C9300C51C0D /* Images.xcassets */; };
		C6B885C51B273C9300C51C0D /* LaunchScreen.xib in Resources */ = {isa = PBXBuildFile; fileRef = C6B885C31B273C9300C51C0D /* LaunchScreen.xib */; };
		C6B885D11B273C9300C51C0D /* hellloTests.m in Sources */ = {isa = PBXBuildFile; fileRef = C6B885D01B273C9300C51C0D /* hellloTests.m */; };
/* End PBXBuildFile section */

/* Begin PBXContainerItemProxy section */
		C6B885CB1B273C9300C51C0D /* PBXContainerItemProxy */ = {
			isa = PBXContainerItemProxy;
			containerPortal = C6B885A91B273C9300C51C0D /* Project object */;
			proxyType = 1;
			remoteGlobalIDString = C6B885B01B273C9300C51C0D;
			remoteInfo = helllo;
		};
/* End PBXContainerItemProxy section */

/* Begin PBXFileReference section */
		C6B885B11B273C9300C51C0D /* helllo.app */ = {isa = PBXFileReference; explicitFileType = wrapper.application; includeInIndex = 0; path = helllo.app; sourceTree = BUILT_PRODUCTS_DIR; };
		C6B885B51B273C9300C51C0D /* Info.plist */ = {isa = PBXFileReference; lastKnownFileType = text.plist.xml; path = Info.plist; sourceTree = "<group>"; };
		C6B885B61B273C9300C51C0D /* main.m */ = {isa = PBXFileReference; lastKnownFileType = sourcecode.c.objc; path = main.m; sourceTree = "<group>"; };
		C6B885B81B273C9300C51C0D /* AppDelegate.h */ = {isa = PBXFileReference; lastKnownFileType = sourcecode.c.h; path = AppDelegate.h; sourceTree = "<group>"; };
		C6B885B91B273C9300C51C0D /* AppDelegate.m */ = {isa = PBXFileReference; lastKnownFileType = sourcecode.c.objc; path = AppDelegate.m; sourceTree = "<group>"; };
		C6B885BB1B273C9300C51C0D /* ViewController.h */ = {isa = PBXFileReference; lastKnownFileType = sourcecode.c.h; path = ViewController.h; sourceTree = "<group>"; };
		C6B885BC1B273C9300C51C0D /* ViewController.m */ = {isa = PBXFileReference; lastKnownFileType = sourcecode.c.objc; path = ViewController.m; sourceTree = "<group>"; };
		C6B885BF1B273C9300C51C0D /* Base */ = {isa = PBXFileReference; lastKnownFileType = file.storyboard; name = Base; path = Base.lproj/Main.storyboard; sourceTree = "<group>"; };
		C6B885C11B273C9300C51C0D /* Images.xcassets */ = {isa = PBXFileReference; lastKnownFileType = folder.assetcatalog; path = Images.xcassets; sourceTree = "<group>"; };
		C6B885C41B273C9300C51C0D /* Base */ = {isa = PBXFileReference; lastKnownFileType = file.xib; name = Base; path = Base.lproj/LaunchScreen.xib; sourceTree = "<group>"; };
		C6B885CA1B273C9300C51C0D /* hellloTests.xctest */ = {isa = PBXFileReference; explicitFileType = wrapper.cfbundle; includeInIndex = 0; path = hellloTests.xctest; sourceTree = BUILT_PRODUCTS_DIR; };
		C6B885CF1B273C9300C51C0D /* Info.plist */ = {isa = PBXFileReference; lastKnownFileType = text.plist.xml; path = Info.plist; sourceTree = "<group>"; };
		C6B885D01B273C9300C51C0D /* hellloTests.m */ = {isa = PBXFileReference; lastKnownFileType = sourcecode.c.objc; path = hellloTests.m; sourceTree = "<group>"; };
/* End PBXFileReference section */

/* Begin PBXFrameworksBuildPhase section */
		C6B885AE1B273C9300C51C0D /* Frameworks */ = {
			isa = PBXFrameworksBuildPhase;
			buildActionMask = 2147483647;
			files = (
			);
			runOnlyForDeploymentPostprocessing = 0;
		};
		C6B885C71B273C9300C51C0D /* Frameworks */ = {
			isa = PBXFrameworksBuildPhase;
			buildActionMask = 2147483647;
			files = (
			);
			runOnlyForDeploymentPostprocessing = 0;
		};
/* End PBXFrameworksBuildPhase section */

/* Begin PBXGroup section */
		C6B885A81B273C9300C51C0D = {
			isa = PBXGroup;
			children = (
				C6B885B31B273C9300C51C0D /* helllo */,
				C6B885CD1B273C9300C51C0D /* hellloTests */,
				C6B885B21B273C9300C51C0D /* Products */,
			);
			sourceTree = "<group>";
		};
		C6B885B21B273C9300C51C0D /* Products */ = {
			isa = PBXGroup;
			children = (
				C6B885B11B273C9300C51C0D /* helllo.app */,
				C6B885CA1B273C9300C51C0D /* hellloTests.xctest */,
			);
			name = Products;
			sourceTree = "<group>";
		};
		C6B885B31B273C9300C51C0D /* helllo */ = {
			isa = PBXGroup;
			children = (
				C6B885B81B273C9300C51C0D /* AppDelegate.h */,
				C6B885B91B273C9300C51C0D /* AppDelegate.m */,
				C6B885BB1B273C9300C51C0D /* ViewController.h */,
				C6B885BC1B273C9300C51C0D /* ViewController.m */,
				C6B885BE1B273C9300C51C0D /* Main.storyboard */,
				C6B885C11B273C9300C51C0D /* Images.xcassets */,
				C6B885C31B273C9300C51C0D /* LaunchScreen.xib */,
				C6B885B41B273C9300C51C0D /* Supporting Files */,
			);
			path = helllo;
			sourceTree = "<group>";
		};
		C6B885B41B273C9300C51C0D /* Supporting Files */ = {
			isa = PBXGroup;
			children = (
				C6B885B51B273C9300C51C0D /* Info.plist */,
				C6B885B61B273C9300C51C0D /* main.m */,
			);
			name = "Supporting Files";
			sourceTree = "<group>";
		};
		C6B885CD1B273C9300C51C0D /* hellloTests */ = {
			isa = PBXGroup;
			children = (
				C6B885D01B273C9300C51C0D /* hellloTests.m */,
				C6B885CE1B273C9300C51C0D /* Supporting Files */,
			);
			path = hellloTests;
			sourceTree = "<group>";
		};
		C6B885CE1B273C9300C51C0D /* Supporting Files */ = {
			isa = PBXGroup;
			children = (
				C6B885CF1B273C9300C51C0D /* Info.plist */,
			);
			name = "Supporting Files";
			sourceTree = "<group>";
		};
/* End PBXGroup section */

/* Begin PBXNativeTarget section */
		C6B885B01B273C9300C51C0D /* helllo */ = {
			isa = PBXNativeTarget;
			buildConfigurationList = C6B885D41B273C9300C51C0D /* Build configuration list for PBXNativeTarget "helllo" */;
			buildPhases = (
				C6B885AD1B273C9300C51C0D /* Sources */,
				C6B885AE1B273C9300C51C0D /* Frameworks */,
				C6B885AF1B273C9300C51C0D /* Resources */,
			);
			buildRules = (
			);
			dependencies = (
			);
			name = helllo;
			productName = helllo;
			productReference = C6B885B11B273C9300C51C0D /* helllo.app */;
			productType = "com.apple.product-type.application";
		};
		C6B885C91B273C9300C51C0D /* hellloTests */ = {
			isa = PBXNativeTarget;
			buildConfigurationList = C6B885D71B273C9300C51C0D /* Build configuration list for PBXNativeTarget "hellloTests" */;
			buildPhases = (
				C6B885C61B273C9300C51C0D /* Sources */,
				C6B885C71B273C9300C51C0D /* Frameworks */,
				C6B885C81B273C9300C51C0D /* Resources */,
			);
			buildRules = (
			);
			dependencies = (
				C6B885CC1B273C9300C51C0D /* PBXTargetDependency */,
			);
			name = hellloTests;
			productName = hellloTests;
			productReference = C6B885CA1B273C9300C51C0D /* hellloTests.xctest */;
			productType = "com.apple.product-type.bundle.unit-test";
		};
/* End PBXNativeTarget section */

/* Begin PBXProject section */
		C6B885A91B273C9300C51C0D /* Project object */ = {
			isa = PBXProject;
			attributes = {
				LastUpgradeCheck = 0630;
				ORGANIZATIONNAME = "陈韬";
				TargetAttributes = {
					C6B885B01B273C9300C51C0D = {
						CreatedOnToolsVersion = 6.3.1;
					};
					C6B885C91B273C9300C51C0D = {
						CreatedOnToolsVersion = 6.3.1;
						TestTargetID = C6B885B01B273C9300C51C0D;
					};
				};
			};
			buildConfigurationList = C6B885AC1B273C9300C51C0D /* Build configuration list for PBXProject "helllo" */;
			compatibilityVersion = "Xcode 3.2";
			developmentRegion = English;
			hasScannedForEncodings = 0;
			knownRegions = (
				en,
				Base,
			);
			mainGroup = C6B885A81B273C9300C51C0D;
			productRefGroup = C6B885B21B273C9300C51C0D /* Products */;
			projectDirPath = "";
			projectRoot = "";
			targets = (
				C6B885B01B273C9300C51C0D /* helllo */,
				C6B885C91B273C9300C51C0D /* hellloTests */,
			);
		};
/* End PBXProject section */

/* Begin PBXResourcesBuildPhase section */
		C6B885AF1B273C9300C51C0D /* Resources */ = {
			isa = PBXResourcesBuildPhase;
			buildActionMask = 2147483647;
			files = (
				C6B885C01B273C9300C51C0D /* Main.storyboard in Resources */,
				C6B885C51B273C9300C51C0D /* LaunchScreen.xib in Resources */,
				C6B885C21B273C9300C51C0D /* Images.xcassets in Resources */,
			);
			runOnlyForDeploymentPostprocessing = 0;
		};
		C6B885C81B273C9300C51C0D /* Resources */ = {
			isa = PBXResourcesBuildPhase;
			buildActionMask = 2147483647;
			files = (
			);
			runOnlyForDeploymentPostprocessing = 0;
		};
/* End PBXResourcesBuildPhase section */

/* Begin PBXSourcesBuildPhase section */
		C6B885AD1B273C9300C51C0D /* Sources */ = {
			isa = PBXSourcesBuildPhase;
			buildActionMask = 2147483647;
			files = (
				C6B885BD1B273C9300C51C0D /* ViewController.m in Sources */,
				C6B885BA1B273C9300C51C0D /* AppDelegate.m in Sources */,
				C6B885B71B273C9300C51C0D /* main.m in Sources */,
			);
			runOnlyForDeploymentPostprocessing = 0;
		};
		C6B885C61B273C9300C51C0D /* Sources */ = {
			isa = PBXSourcesBuildPhase;
			buildActionMask = 2147483647;
			files = (
				C6B885D11B273C9300C51C0D /* hellloTests.m in Sources */,
			);
			runOnlyForDeploymentPostprocessing = 0;
		};
/* End PBXSourcesBuildPhase section */

/* Begin PBXTargetDependency section */
		C6B885CC1B273C9300C51C0D /* PBXTargetDependency */ = {
			isa = PBXTargetDependency;
			target = C6B885B01B273C9300C51C0D /* helllo */;
			targetProxy = C6B885CB1B273C9300C51C0D /* PBXContainerItemProxy */;
		};
/* End PBXTargetDependency section */

/* Begin PBXVariantGroup section */
		C6B885BE1B273C9300C51C0D /* Main.storyboard */ = {
			isa = PBXVariantGroup;
			children = (
				C6B885BF1B273C9300C51C0D /* Base */,
			);
			name = Main.storyboard;
			sourceTree = "<group>";
		};
		C6B885C31B273C9300C51C0D /* LaunchScreen.xib */ = {
			isa = PBXVariantGroup;
			children = (
				C6B885C41B273C9300C51C0D /* Base */,
			);
			name = LaunchScreen.xib;
			sourceTree = "<group>";
		};
/* End PBXVariantGroup section */

/* Begin XCBuildConfiguration section */
		C6B885D21B273C9300C51C0D /* Debug */ = {
			isa = XCBuildConfiguration;
			buildSettings = {
				ALWAYS_SEARCH_USER_PATHS = NO;
				CLANG_CXX_LANGUAGE_STANDARD = "gnu++0x";
				CLANG_CXX_LIBRARY = "libc++";
				CLANG_ENABLE_MODULES = YES;
				CLANG_ENABLE_OBJC_ARC = YES;
				CLANG_WARN_BOOL_CONVERSION = YES;
				CLANG_WARN_CONSTANT_CONVERSION = YES;
				CLANG_WARN_DIRECT_OBJC_ISA_USAGE = YES_ERROR;
				CLANG_WARN_EMPTY_BODY = YES;
				CLANG_WARN_ENUM_CONVERSION = YES;
				CLANG_WARN_INT_CONVERSION = YES;
				CLANG_WARN_OBJC_ROOT_CLASS = YES_ERROR;
				CLANG_WARN_UNREACHABLE_CODE = YES;
				CLANG_WARN__DUPLICATE_METHOD_MATCH = YES;
				"CODE_SIGN_IDENTITY[sdk=iphoneos*]" = "iPhone Developer";
				COPY_PHASE_STRIP = NO;
				DEBUG_INFORMATION_FORMAT = "dwarf-with-dsym";
				ENABLE_STRICT_OBJC_MSGSEND = YES;
				GCC_C_LANGUAGE_STANDARD = gnu99;
				GCC_DYNAMIC_NO_PIC = NO;
				GCC_NO_COMMON_BLOCKS = YES;
				GCC_OPTIMIZATION_LEVEL = 0;
				GCC_PREPROCESSOR_DEFINITIONS = (
					"DEBUG=1",
					"$(inherited)",
				);
				GCC_SYMBOLS_PRIVATE_EXTERN = NO;
				GCC_WARN_64_TO_32_BIT_CONVERSION = YES;
				GCC_WARN_ABOUT_RETURN_TYPE = YES_ERROR;
				GCC_WARN_UNDECLARED_SELECTOR = YES;
				GCC_WARN_UNINITIALIZED_AUTOS = YES_AGGRESSIVE;
				GCC_WARN_UNUSED_FUNCTION = YES;
				GCC_WARN_UNUSED_VARIABLE = YES;
				IPHONEOS_DEPLOYMENT_TARGET = 8.3;
				MTL_ENABLE_DEBUG_INFO = YES;
				ONLY_ACTIVE_ARCH = YES;
				SDKROOT = iphoneos;
				TARGETED_DEVICE_FAMILY = "1,2";
			};
			name = Debug;
		};
		C6B885D31B273C9300C51C0D /* Release */ = {
			isa = XCBuildConfiguration;
			buildSettings = {
				ALWAYS_SEARCH_USER_PATHS = NO;
				CLANG_CXX_LANGUAGE_STANDARD = "gnu++0x";
				CLANG_CXX_LIBRARY = "libc++";
				CLANG_ENABLE_MODULES = YES;
				CLANG_ENABLE_OBJC_ARC = YES;
				CLANG_WARN_BOOL_CONVERSION = YES;
				CLANG_WARN_CONSTANT_CONVERSION = YES;
				CLANG_WARN_DIRECT_OBJC_ISA_USAGE = YES_ERROR;
				CLANG_WARN_EMPTY_BODY = YES;
				CLANG_WARN_ENUM_CONVERSION = YES;
				CLANG_WARN_INT_CONVERSION = YES;
				CLANG_WARN_OBJC_ROOT_CLASS = YES_ERROR;
				CLANG_WARN_UNREACHABLE_CODE = YES;
				CLANG_WARN__DUPLICATE_METHOD_MATCH = YES;
				"CODE_SIGN_IDENTITY[sdk=iphoneos*]" = "iPhone Developer";
				COPY_PHASE_STRIP = NO;
				DEBUG_INFORMATION_FORMAT = "dwarf-with-dsym";
				ENABLE_NS_ASSERTIONS = NO;
				ENABLE_STRICT_OBJC_MSGSEND = YES;
				GCC_C_LANGUAGE_STANDARD = gnu99;
				GCC_NO_COMMON_BLOCKS = YES;
				GCC_WARN_64_TO_32_BIT_CONVERSION = YES;
				GCC_WARN_ABOUT_RETURN_TYPE = YES_ERROR;
				GCC_WARN_UNDECLARED_SELECTOR = YES;
				GCC_WARN_UNINITIALIZED_AUTOS = YES_AGGRESSIVE;
				GCC_WARN_UNUSED_FUNCTION = YES;
				GCC_WARN_UNUSED_VARIABLE = YES;
				IPHONEOS_DEPLOYMENT_TARGET = 8.3;
				MTL_ENABLE_DEBUG_INFO = NO;
				SDKROOT = iphoneos;
				TARGETED_DEVICE_FAMILY = "1,2";
				VALIDATE_PRODUCT = YES;
			};
			name = Release;
		};
		C6B885D51B273C9300C51C0D /* Debug */ = {
			isa = XCBuildConfiguration;
			buildSettings = {
				ASSETCATALOG_COMPILER_APPICON_NAME = AppIcon;
				INFOPLIST_FILE = helllo/Info.plist;
				LD_RUNPATH_SEARCH_PATHS = "$(inherited) @executable_path/Frameworks";
				PRODUCT_NAME = "$(TARGET_NAME)";
			};
			name = Debug;
		};
		C6B885D61B273C9300C51C0D /* Release */ = {
			isa = XCBuildConfiguration;
			buildSettings = {
				ASSETCATALOG_COMPILER_APPICON_NAME = AppIcon;
				INFOPLIST_FILE = helllo/Info.plist;
				LD_RUNPATH_SEARCH_PATHS = "$(inherited) @executable_path/Frameworks";
				PRODUCT_NAME = "$(TARGET_NAME)";
			};
			name = Release;
		};
		C6B885D81B273C9300C51C0D /* Debug */ = {
			isa = XCBuildConfiguration;
			buildSettings = {
				BUNDLE_LOADER = "$(TEST_HOST)";
				FRAMEWORK_SEARCH_PATHS = (
					"$(SDKROOT)/Developer/Library/Frameworks",
					"$(inherited)",
				);
				GCC_PREPROCESSOR_DEFINITIONS = (
					"DEBUG=1",
					"$(inherited)",
				);
				INFOPLIST_FILE = hellloTests/Info.plist;
				LD_RUNPATH_SEARCH_PATHS = "$(inherited) @executable_path/Frameworks @loader_path/Frameworks";
				PRODUCT_NAME = "$(TARGET_NAME)";
				TEST_HOST = "$(BUILT_PRODUCTS_DIR)/helllo.app/helllo";
			};
			name = Debug;
		};
		C6B885D91B273C9300C51C0D /* Release */ = {
			isa = XCBuildConfiguration;
			buildSettings = {
				BUNDLE_LOADER = "$(TEST_HOST)";
				FRAMEWORK_SEARCH_PATHS = (
					"$(SDKROOT)/Developer/Library/Frameworks",
					"$(inherited)",
				);
				INFOPLIST_FILE = hellloTests/Info.plist;
				LD_RUNPATH_SEARCH_PATHS = "$(inherited) @executable_path/Frameworks @loader_path/Frameworks";
				PRODUCT_NAME = "$(TARGET_NAME)";
				TEST_HOST = "$(BUILT_PRODUCTS_DIR)/helllo.app/helllo";
			};
			name = Release;
		};
/* End XCBuildConfiguration section */

/* Begin XCConfigurationList section */
		C6B885AC1B273C9300C51C0D /* Build configuration list for PBXProject "helllo" */ = {
			isa = XCConfigurationList;
			buildConfigurations = (
				C6B885D21B273C9300C51C0D /* Debug */,
				C6B885D31B273C9300C51C0D /* Release */,
			);
			defaultConfigurationIsVisible = 0;
			defaultConfigurationName = Release;
		};
		C6B885D41B273C9300C51C0D /* Build configuration list for PBXNativeTarget "helllo" */ = {
			isa = XCConfigurationList;
			buildConfigurations = (
				C6B885D51B273C9300C51C0D /* Debug */,
				C6B885D61B273C9300C51C0D /* Release */,
			);
			defaultConfigurationIsVisible = 0;
		};
		C6B885D71B273C9300C51C0D /* Build configuration list for PBXNativeTarget "hellloTests" */ = {
			isa = XCConfigurationList;
			buildConfigurations = (
				C6B885D81B273C9300C51C0D /* Debug */,
				C6B885D91B273C9300C51C0D /* Release */,
			);
			defaultConfigurationIsVisible = 0;
		};
/* End XCConfigurationList section */
	};
	rootObject = C6B885A91B273C9300C51C0D /* Project object */;
}
